// !$*UTF8*$!
{
	archiveVersion = 1;
	classes = {
	};
	objectVersion = 46;
	objects = {

/* Begin PBXBuildFile section */
		522E5E311AA68F380021CE67 /* AppDelegate.swift in Sources */ = {isa = PBXBuildFile; fileRef = 522E5E301AA68F380021CE67 /* AppDelegate.swift */; };
		522E5E381AA68F380021CE67 /* Images.xcassets in Resources */ = {isa = PBXBuildFile; fileRef = 522E5E371AA68F380021CE67 /* Images.xcassets */; };
		522E5E3B1AA68F380021CE67 /* LaunchScreen.xib in Resources */ = {isa = PBXBuildFile; fileRef = 522E5E391AA68F380021CE67 /* LaunchScreen.xib */; };
		522E5E471AA68F380021CE67 /* tipfuTests.swift in Sources */ = {isa = PBXBuildFile; fileRef = 522E5E461AA68F380021CE67 /* tipfuTests.swift */; };
		522E5E581AA690A10021CE67 /* TipViewController.swift in Sources */ = {isa = PBXBuildFile; fileRef = 522E5E561AA690A10021CE67 /* TipViewController.swift */; };
		522E5E591AA690A10021CE67 /* TipViewController.xib in Resources */ = {isa = PBXBuildFile; fileRef = 522E5E571AA690A10021CE67 /* TipViewController.xib */; };
		522E5E611AA697730021CE67 /* SettingsViewController.swift in Sources */ = {isa = PBXBuildFile; fileRef = 522E5E5F1AA697730021CE67 /* SettingsViewController.swift */; };
		522E5E621AA697730021CE67 /* SettingsViewController.xib in Resources */ = {isa = PBXBuildFile; fileRef = 522E5E601AA697730021CE67 /* SettingsViewController.xib */; };
/* End PBXBuildFile section */

/* Begin PBXContainerItemProxy section */
		522E5E411AA68F380021CE67 /* PBXContainerItemProxy */ = {
			isa = PBXContainerItemProxy;
			containerPortal = 522E5E231AA68F380021CE67 /* Project object */;
			proxyType = 1;
			remoteGlobalIDString = 522E5E2A1AA68F380021CE67;
			remoteInfo = tipfu;
		};
/* End PBXContainerItemProxy section */

/* Begin PBXFileReference section */
		522E5E2B1AA68F380021CE67 /* tipfu.app */ = {isa = PBXFileReference; explicitFileType = wrapper.application; includeInIndex = 0; path = tipfu.app; sourceTree = BUILT_PRODUCTS_DIR; };
		522E5E2F1AA68F380021CE67 /* Info.plist */ = {isa = PBXFileReference; lastKnownFileType = text.plist.xml; path = Info.plist; sourceTree = "<group>"; };
		522E5E301AA68F380021CE67 /* AppDelegate.swift */ = {isa = PBXFileReference; lastKnownFileType = sourcecode.swift; path = AppDelegate.swift; sourceTree = "<group>"; };
		522E5E371AA68F380021CE67 /* Images.xcassets */ = {isa = PBXFileReference; lastKnownFileType = folder.assetcatalog; path = Images.xcassets; sourceTree = "<group>"; };
		522E5E3A1AA68F380021CE67 /* Base */ = {isa = PBXFileReference; lastKnownFileType = file.xib; name = Base; path = Base.lproj/LaunchScreen.xib; sourceTree = "<group>"; };
		522E5E401AA68F380021CE67 /* tipfuTests.xctest */ = {isa = PBXFileReference; explicitFileType = wrapper.cfbundle; includeInIndex = 0; path = tipfuTests.xctest; sourceTree = BUILT_PRODUCTS_DIR; };
		522E5E451AA68F380021CE67 /* Info.plist */ = {isa = PBXFileReference; lastKnownFileType = text.plist.xml; path = Info.plist; sourceTree = "<group>"; };
		522E5E461AA68F380021CE67 /* tipfuTests.swift */ = {isa = PBXFileReference; lastKnownFileType = sourcecode.swift; path = tipfuTests.swift; sourceTree = "<group>"; };
		522E5E561AA690A10021CE67 /* TipViewController.swift */ = {isa = PBXFileReference; fileEncoding = 4; lastKnownFileType = sourcecode.swift; path = TipViewController.swift; sourceTree = "<group>"; };
		522E5E571AA690A10021CE67 /* TipViewController.xib */ = {isa = PBXFileReference; fileEncoding = 4; lastKnownFileType = file.xib; path = TipViewController.xib; sourceTree = "<group>"; };
		522E5E5F1AA697730021CE67 /* SettingsViewController.swift */ = {isa = PBXFileReference; fileEncoding = 4; lastKnownFileType = sourcecode.swift; path = SettingsViewController.swift; sourceTree = "<group>"; };
		522E5E601AA697730021CE67 /* SettingsViewController.xib */ = {isa = PBXFileReference; fileEncoding = 4; lastKnownFileType = file.xib; path = SettingsViewController.xib; sourceTree = "<group>"; };
/* End PBXFileReference section */

/* Begin PBXFrameworksBuildPhase section */
		522E5E281AA68F380021CE67 /* Frameworks */ = {
			isa = PBXFrameworksBuildPhase;
			buildActionMask = 2147483647;
			files = (
			);
			runOnlyForDeploymentPostprocessing = 0;
		};
		522E5E3D1AA68F380021CE67 /* Frameworks */ = {
			isa = PBXFrameworksBuildPhase;
			buildActionMask = 2147483647;
			files = (
			);
			runOnlyForDeploymentPostprocessing = 0;
		};
/* End PBXFrameworksBuildPhase section */

/* Begin PBXGroup section */
		522E5E221AA68F380021CE67 = {
			isa = PBXGroup;
			children = (
				522E5E2D1AA68F380021CE67 /* tipfu */,
				522E5E431AA68F380021CE67 /* tipfuTests */,
				522E5E2C1AA68F380021CE67 /* Products */,
			);
			sourceTree = "<group>";
		};
		522E5E2C1AA68F380021CE67 /* Products */ = {
			isa = PBXGroup;
			children = (
				522E5E2B1AA68F380021CE67 /* tipfu.app */,
				522E5E401AA68F380021CE67 /* tipfuTests.xctest */,
			);
			name = Products;
			sourceTree = "<group>";
		};
		522E5E2D1AA68F380021CE67 /* tipfu */ = {
			isa = PBXGroup;
			children = (
				522E5E301AA68F380021CE67 /* AppDelegate.swift */,
				522E5E5E1AA690CB0021CE67 /* ViewControllers */,
				522E5E371AA68F380021CE67 /* Images.xcassets */,
				522E5E391AA68F380021CE67 /* LaunchScreen.xib */,
				522E5E2E1AA68F380021CE67 /* Supporting Files */,
			);
			path = tipfu;
			sourceTree = "<group>";
		};
		522E5E2E1AA68F380021CE67 /* Supporting Files */ = {
			isa = PBXGroup;
			children = (
				522E5E2F1AA68F380021CE67 /* Info.plist */,
			);
			name = "Supporting Files";
			sourceTree = "<group>";
		};
		522E5E431AA68F380021CE67 /* tipfuTests */ = {
			isa = PBXGroup;
			children = (
				522E5E461AA68F380021CE67 /* tipfuTests.swift */,
				522E5E441AA68F380021CE67 /* Supporting Files */,
			);
			path = tipfuTests;
			sourceTree = "<group>";
		};
		522E5E441AA68F380021CE67 /* Supporting Files */ = {
			isa = PBXGroup;
			children = (
				522E5E451AA68F380021CE67 /* Info.plist */,
			);
			name = "Supporting Files";
			sourceTree = "<group>";
		};
		522E5E5E1AA690CB0021CE67 /* ViewControllers */ = {
			isa = PBXGroup;
			children = (
				522E5E561AA690A10021CE67 /* TipViewController.swift */,
				522E5E571AA690A10021CE67 /* TipViewController.xib */,
				522E5E5F1AA697730021CE67 /* SettingsViewController.swift */,
				522E5E601AA697730021CE67 /* SettingsViewController.xib */,
			);
			name = ViewControllers;
			sourceTree = "<group>";
		};
/* End PBXGroup section */

/* Begin PBXNativeTarget section */
		522E5E2A1AA68F380021CE67 /* tipfu */ = {
			isa = PBXNativeTarget;
			buildConfigurationList = 522E5E4A1AA68F380021CE67 /* Build configuration list for PBXNativeTarget "tipfu" */;
			buildPhases = (
				522E5E271AA68F380021CE67 /* Sources */,
				522E5E281AA68F380021CE67 /* Frameworks */,
				522E5E291AA68F380021CE67 /* Resources */,
			);
			buildRules = (
			);
			dependencies = (
			);
			name = tipfu;
			productName = tipfu;
			productReference = 522E5E2B1AA68F380021CE67 /* tipfu.app */;
			productType = "com.apple.product-type.application";
		};
		522E5E3F1AA68F380021CE67 /* tipfuTests */ = {
			isa = PBXNativeTarget;
			buildConfigurationList = 522E5E4D1AA68F380021CE67 /* Build configuration list for PBXNativeTarget "tipfuTests" */;
			buildPhases = (
				522E5E3C1AA68F380021CE67 /* Sources */,
				522E5E3D1AA68F380021CE67 /* Frameworks */,
				522E5E3E1AA68F380021CE67 /* Resources */,
			);
			buildRules = (
			);
			dependencies = (
				522E5E421AA68F380021CE67 /* PBXTargetDependency */,
			);
			name = tipfuTests;
			productName = tipfuTests;
			productReference = 522E5E401AA68F380021CE67 /* tipfuTests.xctest */;
			productType = "com.apple.product-type.bundle.unit-test";
		};
/* End PBXNativeTarget section */

/* Begin PBXProject section */
		522E5E231AA68F380021CE67 /* Project object */ = {
			isa = PBXProject;
			attributes = {
				LastUpgradeCheck = 0610;
				ORGANIZATIONNAME = "Furious One";
				TargetAttributes = {
					522E5E2A1AA68F380021CE67 = {
						CreatedOnToolsVersion = 6.1.1;
					};
					522E5E3F1AA68F380021CE67 = {
						CreatedOnToolsVersion = 6.1.1;
						TestTargetID = 522E5E2A1AA68F380021CE67;
					};
				};
			};
			buildConfigurationList = 522E5E261AA68F380021CE67 /* Build configuration list for PBXProject "tipfu" */;
			compatibilityVersion = "Xcode 3.2";
			developmentRegion = English;
			hasScannedForEncodings = 0;
			knownRegions = (
				en,
				Base,
			);
			mainGroup = 522E5E221AA68F380021CE67;
			productRefGroup = 522E5E2C1AA68F380021CE67 /* Products */;
			projectDirPath = "";
			projectRoot = "";
			targets = (
				522E5E2A1AA68F380021CE67 /* tipfu */,
				522E5E3F1AA68F380021CE67 /* tipfuTests */,
			);
		};
/* End PBXProject section */

/* Begin PBXResourcesBuildPhase section */
		522E5E291AA68F380021CE67 /* Resources */ = {
			isa = PBXResourcesBuildPhase;
			buildActionMask = 2147483647;
			files = (
				522E5E591AA690A10021CE67 /* TipViewController.xib in Resources */,
				522E5E3B1AA68F380021CE67 /* LaunchScreen.xib in Resources */,
				522E5E381AA68F380021CE67 /* Images.xcassets in Resources */,
				522E5E621AA697730021CE67 /* SettingsViewController.xib in Resources */,
			);
			runOnlyForDeploymentPostprocessing = 0;
		};
		522E5E3E1AA68F380021CE67 /* Resources */ = {
			isa = PBXResourcesBuildPhase;
			buildActionMask = 2147483647;
			files = (
			);
			runOnlyForDeploymentPostprocessing = 0;
		};
/* End PBXResourcesBuildPhase section */

/* Begin PBXSourcesBuildPhase section */
		522E5E271AA68F380021CE67 /* Sources */ = {
			isa = PBXSourcesBuildPhase;
			buildActionMask = 2147483647;
			files = (
				522E5E581AA690A10021CE67 /* TipViewController.swift in Sources */,
				522E5E311AA68F380021CE67 /* AppDelegate.swift in Sources */,
				522E5E611AA697730021CE67 /* SettingsViewController.swift in Sources */,
			);
			runOnlyForDeploymentPostprocessing = 0;
		};
		522E5E3C1AA68F380021CE67 /* Sources */ = {
			isa = PBXSourcesBuildPhase;
			buildActionMask = 2147483647;
			files = (
				522E5E471AA68F380021CE67 /* tipfuTests.swift in Sources */,
			);
			runOnlyForDeploymentPostprocessing = 0;
		};
/* End PBXSourcesBuildPhase section */

/* Begin PBXTargetDependency section */
		522E5E421AA68F380021CE67 /* PBXTargetDependency */ = {
			isa = PBXTargetDependency;
			target = 522E5E2A1AA68F380021CE67 /* tipfu */;
			targetProxy = 522E5E411AA68F380021CE67 /* PBXContainerItemProxy */;
		};
/* End PBXTargetDependency section */

/* Begin PBXVariantGroup section */
		522E5E391AA68F380021CE67 /* LaunchScreen.xib */ = {
			isa = PBXVariantGroup;
			children = (
				522E5E3A1AA68F380021CE67 /* Base */,
			);
			name = LaunchScreen.xib;
			sourceTree = "<group>";
		};
/* End PBXVariantGroup section */

/* Begin XCBuildConfiguration section */
		522E5E481AA68F380021CE67 /* Debug */ = {
			isa = XCBuildConfiguration;
			buildSettings = {
				ALWAYS_SEARCH_USER_PATHS = NO;
				CLANG_CXX_LANGUAGE_STANDARD = "gnu++0x";
				CLANG_CXX_LIBRARY = "libc++";
				CLANG_ENABLE_MODULES = YES;
				CLANG_ENABLE_OBJC_ARC = YES;
				CLANG_WARN_BOOL_CONVERSION = YES;
				CLANG_WARN_CONSTANT_CONVERSION = YES;
				CLANG_WARN_DIRECT_OBJC_ISA_USAGE = YES_ERROR;
				CLANG_WARN_EMPTY_BODY = YES;
				CLANG_WARN_ENUM_CONVERSION = YES;
				CLANG_WARN_INT_CONVERSION = YES;
				CLANG_WARN_OBJC_ROOT_CLASS = YES_ERROR;
				CLANG_WARN_UNREACHABLE_CODE = YES;
				CLANG_WARN__DUPLICATE_METHOD_MATCH = YES;
				"CODE_SIGN_IDENTITY[sdk=iphoneos*]" = "iPhone Developer";
				COPY_PHASE_STRIP = NO;
				ENABLE_STRICT_OBJC_MSGSEND = YES;
				GCC_C_LANGUAGE_STANDARD = gnu99;
				GCC_DYNAMIC_NO_PIC = NO;
				GCC_OPTIMIZATION_LEVEL = 0;
				GCC_PREPROCESSOR_DEFINITIONS = (
					"DEBUG=1",
					"$(inherited)",
				);
				GCC_SYMBOLS_PRIVATE_EXTERN = NO;
				GCC_WARN_64_TO_32_BIT_CONVERSION = YES;
				GCC_WARN_ABOUT_RETURN_TYPE = YES_ERROR;
				GCC_WARN_UNDECLARED_SELECTOR = YES;
				GCC_WARN_UNINITIALIZED_AUTOS = YES_AGGRESSIVE;
				GCC_WARN_UNUSED_FUNCTION = YES;
				GCC_WARN_UNUSED_VARIABLE = YES;
				IPHONEOS_DEPLOYMENT_TARGET = 8.1;
				MTL_ENABLE_DEBUG_INFO = YES;
				ONLY_ACTIVE_ARCH = YES;
				SDKROOT = iphoneos;
				SWIFT_OPTIMIZATION_LEVEL = "-Onone";
			};
			name = Debug;
		};
		522E5E491AA68F380021CE67 /* Release */ = {
			isa = XCBuildConfiguration;
			buildSettings = {
				ALWAYS_SEARCH_USER_PATHS = NO;
				CLANG_CXX_LANGUAGE_STANDARD = "gnu++0x";
				CLANG_CXX_LIBRARY = "libc++";
				CLANG_ENABLE_MODULES = YES;
				CLANG_ENABLE_OBJC_ARC = YES;
				CLANG_WARN_BOOL_CONVERSION = YES;
				CLANG_WARN_CONSTANT_CONVERSION = YES;
				CLANG_WARN_DIRECT_OBJC_ISA_USAGE = YES_ERROR;
				CLANG_WARN_EMPTY_BODY = YES;
				CLANG_WARN_ENUM_CONVERSION = YES;
				CLANG_WARN_INT_CONVERSION = YES;
				CLANG_WARN_OBJC_ROOT_CLASS = YES_ERROR;
				CLANG_WARN_UNREACHABLE_CODE = YES;
				CLANG_WARN__DUPLICATE_METHOD_MATCH = YES;
				"CODE_SIGN_IDENTITY[sdk=iphoneos*]" = "iPhone Developer";
				COPY_PHASE_STRIP = YES;
				ENABLE_NS_ASSERTIONS = NO;
				ENABLE_STRICT_OBJC_MSGSEND = YES;
				GCC_C_LANGUAGE_STANDARD = gnu99;
				GCC_WARN_64_TO_32_BIT_CONVERSION = YES;
				GCC_WARN_ABOUT_RETURN_TYPE = YES_ERROR;
				GCC_WARN_UNDECLARED_SELECTOR = YES;
				GCC_WARN_UNINITIALIZED_AUTOS = YES_AGGRESSIVE;
				GCC_WARN_UNUSED_FUNCTION = YES;
				GCC_WARN_UNUSED_VARIABLE = YES;
				IPHONEOS_DEPLOYMENT_TARGET = 8.1;
				MTL_ENABLE_DEBUG_INFO = NO;
				SDKROOT = iphoneos;
				VALIDATE_PRODUCT = YES;
			};
			name = Release;
		};
		522E5E4B1AA68F380021CE67 /* Debug */ = {
			isa = XCBuildConfiguration;
			buildSettings = {
				ASSETCATALOG_COMPILER_APPICON_NAME = AppIcon;
				INFOPLIST_FILE = tipfu/Info.plist;
				LD_RUNPATH_SEARCH_PATHS = "$(inherited) @executable_path/Frameworks";
				PRODUCT_NAME = "$(TARGET_NAME)";
			};
			name = Debug;
		};
		522E5E4C1AA68F380021CE67 /* Release */ = {
			isa = XCBuildConfiguration;
			buildSettings = {
				ASSETCATALOG_COMPILER_APPICON_NAME = AppIcon;
				INFOPLIST_FILE = tipfu/Info.plist;
				LD_RUNPATH_SEARCH_PATHS = "$(inherited) @executable_path/Frameworks";
				PRODUCT_NAME = "$(TARGET_NAME)";
			};
			name = Release;
		};
		522E5E4E1AA68F380021CE67 /* Debug */ = {
			isa = XCBuildConfiguration;
			buildSettings = {
				BUNDLE_LOADER = "$(TEST_HOST)";
				FRAMEWORK_SEARCH_PATHS = (
					"$(SDKROOT)/Developer/Library/Frameworks",
					"$(inherited)",
				);
				GCC_PREPROCESSOR_DEFINITIONS = (
					"DEBUG=1",
					"$(inherited)",
				);
				INFOPLIST_FILE = tipfuTests/Info.plist;
				LD_RUNPATH_SEARCH_PATHS = "$(inherited) @executable_path/Frameworks @loader_path/Frameworks";
				PRODUCT_NAME = "$(TARGET_NAME)";
				TEST_HOST = "$(BUILT_PRODUCTS_DIR)/tipfu.app/tipfu";
			};
			name = Debug;
		};
		522E5E4F1AA68F380021CE67 /* Release */ = {
			isa = XCBuildConfiguration;
			buildSettings = {
				BUNDLE_LOADER = "$(TEST_HOST)";
				FRAMEWORK_SEARCH_PATHS = (
					"$(SDKROOT)/Developer/Library/Frameworks",
					"$(inherited)",
				);
				INFOPLIST_FILE = tipfuTests/Info.plist;
				LD_RUNPATH_SEARCH_PATHS = "$(inherited) @executable_path/Frameworks @loader_path/Frameworks";
				PRODUCT_NAME = "$(TARGET_NAME)";
				TEST_HOST = "$(BUILT_PRODUCTS_DIR)/tipfu.app/tipfu";
			};
			name = Release;
		};
/* End XCBuildConfiguration section */

/* Begin XCConfigurationList section */
		522E5E261AA68F380021CE67 /* Build configuration list for PBXProject "tipfu" */ = {
			isa = XCConfigurationList;
			buildConfigurations = (
				522E5E481AA68F380021CE67 /* Debug */,
				522E5E491AA68F380021CE67 /* Release */,
			);
			defaultConfigurationIsVisible = 0;
			defaultConfigurationName = Release;
		};
		522E5E4A1AA68F380021CE67 /* Build configuration list for PBXNativeTarget "tipfu" */ = {
			isa = XCConfigurationList;
			buildConfigurations = (
				522E5E4B1AA68F380021CE67 /* Debug */,
				522E5E4C1AA68F380021CE67 /* Release */,
			);
			defaultConfigurationIsVisible = 0;
		};
		522E5E4D1AA68F380021CE67 /* Build configuration list for PBXNativeTarget "tipfuTests" */ = {
			isa = XCConfigurationList;
			buildConfigurations = (
				522E5E4E1AA68F380021CE67 /* Debug */,
				522E5E4F1AA68F380021CE67 /* Release */,
			);
			defaultConfigurationIsVisible = 0;
		};
/* End XCConfigurationList section */
	};
	rootObject = 522E5E231AA68F380021CE67 /* Project object */;
}
